// !$*UTF8*$!
{
	archiveVersion = 1;
	classes = {
	};
	objectVersion = 46;
	objects = {

/* Begin PBXBuildFile section */
		BB04B23F194A0DA90042FF90 /* AppDelegate.swift in Sources */ = {isa = PBXBuildFile; fileRef = BB04B23E194A0DA90042FF90 /* AppDelegate.swift */; };
		BB04B241194A0DA90042FF90 /* ViewController.swift in Sources */ = {isa = PBXBuildFile; fileRef = BB04B240194A0DA90042FF90 /* ViewController.swift */; };
		BB04B244194A0DA90042FF90 /* Main.storyboard in Resources */ = {isa = PBXBuildFile; fileRef = BB04B242194A0DA90042FF90 /* Main.storyboard */; };
		BB04B246194A0DA90042FF90 /* Images.xcassets in Resources */ = {isa = PBXBuildFile; fileRef = BB04B245194A0DA90042FF90 /* Images.xcassets */; };
		BB04B252194A0DA90042FF90 /* MatchismoSwiftTests.swift in Sources */ = {isa = PBXBuildFile; fileRef = BB04B251194A0DA90042FF90 /* MatchismoSwiftTests.swift */; };
/* End PBXBuildFile section */

/* Begin PBXContainerItemProxy section */
		BB04B24C194A0DA90042FF90 /* PBXContainerItemProxy */ = {
			isa = PBXContainerItemProxy;
			containerPortal = BB04B231194A0DA90042FF90 /* Project object */;
			proxyType = 1;
			remoteGlobalIDString = BB04B238194A0DA90042FF90;
			remoteInfo = MatchismoSwift;
		};
/* End PBXContainerItemProxy section */

/* Begin PBXFileReference section */
		BB04B239194A0DA90042FF90 /* MatchismoSwift.app */ = {isa = PBXFileReference; explicitFileType = wrapper.application; includeInIndex = 0; path = MatchismoSwift.app; sourceTree = BUILT_PRODUCTS_DIR; };
		BB04B23D194A0DA90042FF90 /* Info.plist */ = {isa = PBXFileReference; lastKnownFileType = text.plist.xml; path = Info.plist; sourceTree = "<group>"; };
		BB04B23E194A0DA90042FF90 /* AppDelegate.swift */ = {isa = PBXFileReference; lastKnownFileType = sourcecode.swift; path = AppDelegate.swift; sourceTree = "<group>"; };
		BB04B240194A0DA90042FF90 /* ViewController.swift */ = {isa = PBXFileReference; lastKnownFileType = sourcecode.swift; path = ViewController.swift; sourceTree = "<group>"; };
		BB04B243194A0DA90042FF90 /* Base */ = {isa = PBXFileReference; lastKnownFileType = file.storyboard; name = Base; path = Base.lproj/Main.storyboard; sourceTree = "<group>"; };
		BB04B245194A0DA90042FF90 /* Images.xcassets */ = {isa = PBXFileReference; lastKnownFileType = folder.assetcatalog; path = Images.xcassets; sourceTree = "<group>"; };
		BB04B24B194A0DA90042FF90 /* MatchismoSwiftTests.xctest */ = {isa = PBXFileReference; explicitFileType = wrapper.cfbundle; includeInIndex = 0; path = MatchismoSwiftTests.xctest; sourceTree = BUILT_PRODUCTS_DIR; };
		BB04B250194A0DA90042FF90 /* Info.plist */ = {isa = PBXFileReference; lastKnownFileType = text.plist.xml; path = Info.plist; sourceTree = "<group>"; };
		BB04B251194A0DA90042FF90 /* MatchismoSwiftTests.swift */ = {isa = PBXFileReference; lastKnownFileType = sourcecode.swift; path = MatchismoSwiftTests.swift; sourceTree = "<group>"; };
/* End PBXFileReference section */

/* Begin PBXFrameworksBuildPhase section */
		BB04B236194A0DA90042FF90 /* Frameworks */ = {
			isa = PBXFrameworksBuildPhase;
			buildActionMask = 2147483647;
			files = (
			);
			runOnlyForDeploymentPostprocessing = 0;
		};
		BB04B248194A0DA90042FF90 /* Frameworks */ = {
			isa = PBXFrameworksBuildPhase;
			buildActionMask = 2147483647;
			files = (
			);
			runOnlyForDeploymentPostprocessing = 0;
		};
/* End PBXFrameworksBuildPhase section */

/* Begin PBXGroup section */
		BB04B230194A0DA90042FF90 = {
			isa = PBXGroup;
			children = (
				BB04B23B194A0DA90042FF90 /* MatchismoSwift */,
				BB04B24E194A0DA90042FF90 /* MatchismoSwiftTests */,
				BB04B23A194A0DA90042FF90 /* Products */,
			);
			sourceTree = "<group>";
		};
		BB04B23A194A0DA90042FF90 /* Products */ = {
			isa = PBXGroup;
			children = (
				BB04B239194A0DA90042FF90 /* MatchismoSwift.app */,
				BB04B24B194A0DA90042FF90 /* MatchismoSwiftTests.xctest */,
			);
			name = Products;
			sourceTree = "<group>";
		};
		BB04B23B194A0DA90042FF90 /* MatchismoSwift */ = {
			isa = PBXGroup;
			children = (
				BB04B23E194A0DA90042FF90 /* AppDelegate.swift */,
				BB04B240194A0DA90042FF90 /* ViewController.swift */,
				BB04B242194A0DA90042FF90 /* Main.storyboard */,
				BB04B245194A0DA90042FF90 /* Images.xcassets */,
				BB04B23C194A0DA90042FF90 /* Supporting Files */,
			);
			path = MatchismoSwift;
			sourceTree = "<group>";
		};
		BB04B23C194A0DA90042FF90 /* Supporting Files */ = {
			isa = PBXGroup;
			children = (
				BB04B23D194A0DA90042FF90 /* Info.plist */,
			);
			name = "Supporting Files";
			sourceTree = "<group>";
		};
		BB04B24E194A0DA90042FF90 /* MatchismoSwiftTests */ = {
			isa = PBXGroup;
			children = (
				BB04B251194A0DA90042FF90 /* MatchismoSwiftTests.swift */,
				BB04B24F194A0DA90042FF90 /* Supporting Files */,
			);
			path = MatchismoSwiftTests;
			sourceTree = "<group>";
		};
		BB04B24F194A0DA90042FF90 /* Supporting Files */ = {
			isa = PBXGroup;
			children = (
				BB04B250194A0DA90042FF90 /* Info.plist */,
			);
			name = "Supporting Files";
			sourceTree = "<group>";
		};
/* End PBXGroup section */

/* Begin PBXNativeTarget section */
		BB04B238194A0DA90042FF90 /* MatchismoSwift */ = {
			isa = PBXNativeTarget;
			buildConfigurationList = BB04B255194A0DA90042FF90 /* Build configuration list for PBXNativeTarget "MatchismoSwift" */;
			buildPhases = (
				BB04B235194A0DA90042FF90 /* Sources */,
				BB04B236194A0DA90042FF90 /* Frameworks */,
				BB04B237194A0DA90042FF90 /* Resources */,
			);
			buildRules = (
			);
			dependencies = (
			);
			name = MatchismoSwift;
			productName = MatchismoSwift;
			productReference = BB04B239194A0DA90042FF90 /* MatchismoSwift.app */;
			productType = "com.apple.product-type.application";
		};
		BB04B24A194A0DA90042FF90 /* MatchismoSwiftTests */ = {
			isa = PBXNativeTarget;
			buildConfigurationList = BB04B258194A0DA90042FF90 /* Build configuration list for PBXNativeTarget "MatchismoSwiftTests" */;
			buildPhases = (
				BB04B247194A0DA90042FF90 /* Sources */,
				BB04B248194A0DA90042FF90 /* Frameworks */,
				BB04B249194A0DA90042FF90 /* Resources */,
			);
			buildRules = (
			);
			dependencies = (
				BB04B24D194A0DA90042FF90 /* PBXTargetDependency */,
			);
			name = MatchismoSwiftTests;
			productName = MatchismoSwiftTests;
			productReference = BB04B24B194A0DA90042FF90 /* MatchismoSwiftTests.xctest */;
			productType = "com.apple.product-type.bundle.unit-test";
		};
/* End PBXNativeTarget section */

/* Begin PBXProject section */
		BB04B231194A0DA90042FF90 /* Project object */ = {
			isa = PBXProject;
			attributes = {
				LastUpgradeCheck = 0600;
				ORGANIZATIONNAME = CS193p;
				TargetAttributes = {
					BB04B238194A0DA90042FF90 = {
						CreatedOnToolsVersion = 6.0;
					};
					BB04B24A194A0DA90042FF90 = {
						CreatedOnToolsVersion = 6.0;
						TestTargetID = BB04B238194A0DA90042FF90;
					};
				};
			};
			buildConfigurationList = BB04B234194A0DA90042FF90 /* Build configuration list for PBXProject "MatchismoSwift" */;
			compatibilityVersion = "Xcode 3.2";
			developmentRegion = English;
			hasScannedForEncodings = 0;
			knownRegions = (
				en,
				Base,
			);
			mainGroup = BB04B230194A0DA90042FF90;
			productRefGroup = BB04B23A194A0DA90042FF90 /* Products */;
			projectDirPath = "";
			projectRoot = "";
			targets = (
				BB04B238194A0DA90042FF90 /* MatchismoSwift */,
				BB04B24A194A0DA90042FF90 /* MatchismoSwiftTests */,
			);
		};
/* End PBXProject section */

/* Begin PBXResourcesBuildPhase section */
		BB04B237194A0DA90042FF90 /* Resources */ = {
			isa = PBXResourcesBuildPhase;
			buildActionMask = 2147483647;
			files = (
				BB04B244194A0DA90042FF90 /* Main.storyboard in Resources */,
				BB04B246194A0DA90042FF90 /* Images.xcassets in Resources */,
			);
			runOnlyForDeploymentPostprocessing = 0;
		};
		BB04B249194A0DA90042FF90 /* Resources */ = {
			isa = PBXResourcesBuildPhase;
			buildActionMask = 2147483647;
			files = (
			);
			runOnlyForDeploymentPostprocessing = 0;
		};
/* End PBXResourcesBuildPhase section */

/* Begin PBXSourcesBuildPhase section */
		BB04B235194A0DA90042FF90 /* Sources */ = {
			isa = PBXSourcesBuildPhase;
			buildActionMask = 2147483647;
			files = (
				BB04B241194A0DA90042FF90 /* ViewController.swift in Sources */,
				BB04B23F194A0DA90042FF90 /* AppDelegate.swift in Sources */,
			);
			runOnlyForDeploymentPostprocessing = 0;
		};
		BB04B247194A0DA90042FF90 /* Sources */ = {
			isa = PBXSourcesBuildPhase;
			buildActionMask = 2147483647;
			files = (
				BB04B252194A0DA90042FF90 /* MatchismoSwiftTests.swift in Sources */,
			);
			runOnlyForDeploymentPostprocessing = 0;
		};
/* End PBXSourcesBuildPhase section */

/* Begin PBXTargetDependency section */
		BB04B24D194A0DA90042FF90 /* PBXTargetDependency */ = {
			isa = PBXTargetDependency;
			target = BB04B238194A0DA90042FF90 /* MatchismoSwift */;
			targetProxy = BB04B24C194A0DA90042FF90 /* PBXContainerItemProxy */;
		};
/* End PBXTargetDependency section */

/* Begin PBXVariantGroup section */
		BB04B242194A0DA90042FF90 /* Main.storyboard */ = {
			isa = PBXVariantGroup;
			children = (
				BB04B243194A0DA90042FF90 /* Base */,
			);
			name = Main.storyboard;
			sourceTree = "<group>";
		};
/* End PBXVariantGroup section */

/* Begin XCBuildConfiguration section */
		BB04B253194A0DA90042FF90 /* Debug */ = {
			isa = XCBuildConfiguration;
			buildSettings = {
				ALWAYS_SEARCH_USER_PATHS = NO;
				CLANG_CXX_LANGUAGE_STANDARD = "gnu++0x";
				CLANG_CXX_LIBRARY = "libc++";
				CLANG_ENABLE_MODULES = YES;
				CLANG_ENABLE_OBJC_ARC = YES;
				CLANG_WARN_BOOL_CONVERSION = YES;
				CLANG_WARN_CONSTANT_CONVERSION = YES;
				CLANG_WARN_DIRECT_OBJC_ISA_USAGE = YES_ERROR;
				CLANG_WARN_EMPTY_BODY = YES;
				CLANG_WARN_ENUM_CONVERSION = YES;
				CLANG_WARN_INT_CONVERSION = YES;
				CLANG_WARN_OBJC_ROOT_CLASS = YES_ERROR;
				CLANG_WARN_UNREACHABLE_CODE = YES;
				CLANG_WARN__DUPLICATE_METHOD_MATCH = YES;
				"CODE_SIGN_IDENTITY[sdk=iphoneos*]" = "iPhone Developer";
				COPY_PHASE_STRIP = NO;
				ENABLE_STRICT_OBJC_MSGSEND = YES;
				GCC_C_LANGUAGE_STANDARD = gnu99;
				GCC_DYNAMIC_NO_PIC = NO;
				GCC_OPTIMIZATION_LEVEL = 0;
				GCC_PREPROCESSOR_DEFINITIONS = (
					"DEBUG=1",
					"$(inherited)",
				);
				GCC_SYMBOLS_PRIVATE_EXTERN = NO;
				GCC_WARN_64_TO_32_BIT_CONVERSION = YES;
				GCC_WARN_ABOUT_RETURN_TYPE = YES_ERROR;
				GCC_WARN_UNDECLARED_SELECTOR = YES;
				GCC_WARN_UNINITIALIZED_AUTOS = YES_AGGRESSIVE;
				GCC_WARN_UNUSED_FUNCTION = YES;
				GCC_WARN_UNUSED_VARIABLE = YES;
				IPHONEOS_DEPLOYMENT_TARGET = 8.0;
				METAL_ENABLE_DEBUG_INFO = YES;
				ONLY_ACTIVE_ARCH = YES;
				SDKROOT = iphoneos;
				SWIFT_OPTIMIZATION_LEVEL = "-Onone";
			};
			name = Debug;
		};
		BB04B254194A0DA90042FF90 /* Release */ = {
			isa = XCBuildConfiguration;
			buildSettings = {
				ALWAYS_SEARCH_USER_PATHS = NO;
				CLANG_CXX_LANGUAGE_STANDARD = "gnu++0x";
				CLANG_CXX_LIBRARY = "libc++";
				CLANG_ENABLE_MODULES = YES;
				CLANG_ENABLE_OBJC_ARC = YES;
				CLANG_WARN_BOOL_CONVERSION = YES;
				CLANG_WARN_CONSTANT_CONVERSION = YES;
				CLANG_WARN_DIRECT_OBJC_ISA_USAGE = YES_ERROR;
				CLANG_WARN_EMPTY_BODY = YES;
				CLANG_WARN_ENUM_CONVERSION = YES;
				CLANG_WARN_INT_CONVERSION = YES;
				CLANG_WARN_OBJC_ROOT_CLASS = YES_ERROR;
				CLANG_WARN_UNREACHABLE_CODE = YES;
				CLANG_WARN__DUPLICATE_METHOD_MATCH = YES;
				"CODE_SIGN_IDENTITY[sdk=iphoneos*]" = "iPhone Developer";
				COPY_PHASE_STRIP = YES;
				ENABLE_NS_ASSERTIONS = NO;
				ENABLE_STRICT_OBJC_MSGSEND = YES;
				GCC_C_LANGUAGE_STANDARD = gnu99;
				GCC_WARN_64_TO_32_BIT_CONVERSION = YES;
				GCC_WARN_ABOUT_RETURN_TYPE = YES_ERROR;
				GCC_WARN_UNDECLARED_SELECTOR = YES;
				GCC_WARN_UNINITIALIZED_AUTOS = YES_AGGRESSIVE;
				GCC_WARN_UNUSED_FUNCTION = YES;
				GCC_WARN_UNUSED_VARIABLE = YES;
				IPHONEOS_DEPLOYMENT_TARGET = 8.0;
				METAL_ENABLE_DEBUG_INFO = NO;
				SDKROOT = iphoneos;
				VALIDATE_PRODUCT = YES;
			};
			name = Release;
		};
		BB04B256194A0DA90042FF90 /* Debug */ = {
			isa = XCBuildConfiguration;
			buildSettings = {
				ASSETCATALOG_COMPILER_APPICON_NAME = AppIcon;
				ASSETCATALOG_COMPILER_LAUNCHIMAGE_NAME = LaunchImage;
				INFOPLIST_FILE = MatchismoSwift/Info.plist;
				LD_RUNPATH_SEARCH_PATHS = "$(inherited) @executable_path/Frameworks";
				PRODUCT_NAME = "$(TARGET_NAME)";
			};
			name = Debug;
		};
		BB04B257194A0DA90042FF90 /* Release */ = {
			isa = XCBuildConfiguration;
			buildSettings = {
				ASSETCATALOG_COMPILER_APPICON_NAME = AppIcon;
				ASSETCATALOG_COMPILER_LAUNCHIMAGE_NAME = LaunchImage;
				INFOPLIST_FILE = MatchismoSwift/Info.plist;
				LD_RUNPATH_SEARCH_PATHS = "$(inherited) @executable_path/Frameworks";
				PRODUCT_NAME = "$(TARGET_NAME)";
			};
			name = Release;
		};
		BB04B259194A0DA90042FF90 /* Debug */ = {
			isa = XCBuildConfiguration;
			buildSettings = {
				BUNDLE_LOADER = "$(BUILT_PRODUCTS_DIR)/MatchismoSwift.app/MatchismoSwift";
				FRAMEWORK_SEARCH_PATHS = (
					"$(SDKROOT)/Developer/Library/Frameworks",
					"$(inherited)",
				);
				GCC_PREPROCESSOR_DEFINITIONS = (
					"DEBUG=1",
					"$(inherited)",
				);
				INFOPLIST_FILE = MatchismoSwiftTests/Info.plist;
				LD_RUNPATH_SEARCH_PATHS = "$(inherited) @executable_path/Frameworks @loader_path/Frameworks";
				METAL_ENABLE_DEBUG_INFO = YES;
				PRODUCT_NAME = "$(TARGET_NAME)";
				TEST_HOST = "$(BUNDLE_LOADER)";
			};
			name = Debug;
		};
		BB04B25A194A0DA90042FF90 /* Release */ = {
			isa = XCBuildConfiguration;
			buildSettings = {
				BUNDLE_LOADER = "$(BUILT_PRODUCTS_DIR)/MatchismoSwift.app/MatchismoSwift";
				FRAMEWORK_SEARCH_PATHS = (
					"$(SDKROOT)/Developer/Library/Frameworks",
					"$(inherited)",
				);
				INFOPLIST_FILE = MatchismoSwiftTests/Info.plist;
				LD_RUNPATH_SEARCH_PATHS = "$(inherited) @executable_path/Frameworks @loader_path/Frameworks";
				METAL_ENABLE_DEBUG_INFO = NO;
				PRODUCT_NAME = "$(TARGET_NAME)";
				TEST_HOST = "$(BUNDLE_LOADER)";
			};
			name = Release;
		};
/* End XCBuildConfiguration section */

/* Begin XCConfigurationList section */
		BB04B234194A0DA90042FF90 /* Build configuration list for PBXProject "MatchismoSwift" */ = {
			isa = XCConfigurationList;
			buildConfigurations = (
				BB04B253194A0DA90042FF90 /* Debug */,
				BB04B254194A0DA90042FF90 /* Release */,
			);
			defaultConfigurationIsVisible = 0;
			defaultConfigurationName = Release;
		};
		BB04B255194A0DA90042FF90 /* Build configuration list for PBXNativeTarget "MatchismoSwift" */ = {
			isa = XCConfigurationList;
			buildConfigurations = (
				BB04B256194A0DA90042FF90 /* Debug */,
				BB04B257194A0DA90042FF90 /* Release */,
			);
			defaultConfigurationIsVisible = 0;
		};
		BB04B258194A0DA90042FF90 /* Build configuration list for PBXNativeTarget "MatchismoSwiftTests" */ = {
			isa = XCConfigurationList;
			buildConfigurations = (
				BB04B259194A0DA90042FF90 /* Debug */,
				BB04B25A194A0DA90042FF90 /* Release */,
			);
			defaultConfigurationIsVisible = 0;
		};
/* End XCConfigurationList section */
	};
	rootObject = BB04B231194A0DA90042FF90 /* Project object */;
}
